
Microsoft Visual Studio Solution File, Format Version 12.00
# Visual Studio Version 17
VisualStudioVersion = 17.11.35222.181
MinimumVisualStudioVersion = 10.0.40219.1
Project("{FAE04EC0-301F-11D3-BF4B-00C04F79EFBC}") = "backend", "backend\backend.csproj", "{B5806A94-1396-46D3-AB1F-954DB4543183}"
EndProject
Global
	GlobalSection(SolutionConfigurationPlatforms) = preSolution
		Debug|Any CPU = Debug|Any CPU
		Release|Any CPU = Release|Any CPU
	EndGlobalSection
	GlobalSection(ProjectConfigurationPlatforms) = postSolution
		{B5806A94-1396-46D3-AB1F-954DB4543183}.Debug|Any CPU.ActiveCfg = Debug|Any CPU
		{B5806A94-1396-46D3-AB1F-954DB4543183}.Debug|Any CPU.Build.0 = Debug|Any CPU
		{B5806A94-1396-46D3-AB1F-954DB4543183}.Release|Any CPU.ActiveCfg = Release|Any CPU
		{B5806A94-1396-46D3-AB1F-954DB4543183}.Release|Any CPU.Build.0 = Release|Any CPU
	EndGlobalSection
	GlobalSection(SolutionProperties) = preSolution
		HideSolutionNode = FALSE
	EndGlobalSection
	GlobalSection(ExtensibilityGlobals) = postSolution
		SolutionGuid = {ADFB7FA6-5C97-415B-A023-2E74DF9AA68A}
	EndGlobalSection
EndGlobal
